# THIS IS AN AUTOGENERATED FILE. DO NOT EDIT THIS FILE DIRECTLY.
# yarn lockfile v1


"@croquet/croquet@^1.0.4":
  version "1.0.4"
  resolved "https://registry.yarnpkg.com/@croquet/croquet/-/croquet-1.0.4.tgz#f2cc7994174389cac22cea60d635c97cf5f4c0b1"
  integrity sha512-A+OLXzzW5k489VgOuMvNeXXuxHkrtMQah5EJFzuMzpuB0Uf1cGqvpVFS8ucG+RINfyvpl9Py852Yql3i2mL/gw==
